// !$*UTF8*$!
{
	archiveVersion = 1;
	classes = {
	};
	objectVersion = 50;
	objects = {

/* Begin PBXBuildFile section */
		30151E5125EA41C000B0F045 /* AppDelegate.swift in Sources */ = {isa = PBXBuildFile; fileRef = 30151E5025EA41C000B0F045 /* AppDelegate.swift */; };
		30151E5325EA41C000B0F045 /* SceneDelegate.swift in Sources */ = {isa = PBXBuildFile; fileRef = 30151E5225EA41C000B0F045 /* SceneDelegate.swift */; };
		30151E5525EA41C000B0F045 /* ViewController.swift in Sources */ = {isa = PBXBuildFile; fileRef = 30151E5425EA41C000B0F045 /* ViewController.swift */; };
		30151E5825EA41C000B0F045 /* Main.storyboard in Resources */ = {isa = PBXBuildFile; fileRef = 30151E5625EA41C000B0F045 /* Main.storyboard */; };
		30151E5A25EA41C600B0F045 /* Assets.xcassets in Resources */ = {isa = PBXBuildFile; fileRef = 30151E5925EA41C600B0F045 /* Assets.xcassets */; };
		30151E5D25EA41C600B0F045 /* LaunchScreen.storyboard in Resources */ = {isa = PBXBuildFile; fileRef = 30151E5B25EA41C600B0F045 /* LaunchScreen.storyboard */; };
		30151E6825EA41C700B0F045 /* RandomMeTests.swift in Sources */ = {isa = PBXBuildFile; fileRef = 30151E6725EA41C700B0F045 /* RandomMeTests.swift */; };
		30151E7325EA41C700B0F045 /* RandomMeUITests.swift in Sources */ = {isa = PBXBuildFile; fileRef = 30151E7225EA41C700B0F045 /* RandomMeUITests.swift */; };
/* End PBXBuildFile section */

/* Begin PBXContainerItemProxy section */
		30151E6425EA41C700B0F045 /* PBXContainerItemProxy */ = {
			isa = PBXContainerItemProxy;
			containerPortal = 30151E4525EA41C000B0F045 /* Project object */;
			proxyType = 1;
			remoteGlobalIDString = 30151E4C25EA41C000B0F045;
			remoteInfo = RandomMe;
		};
		30151E6F25EA41C700B0F045 /* PBXContainerItemProxy */ = {
			isa = PBXContainerItemProxy;
			containerPortal = 30151E4525EA41C000B0F045 /* Project object */;
			proxyType = 1;
			remoteGlobalIDString = 30151E4C25EA41C000B0F045;
			remoteInfo = RandomMe;
		};
/* End PBXContainerItemProxy section */

/* Begin PBXFileReference section */
		30151E4D25EA41C000B0F045 /* RandomMe.app */ = {isa = PBXFileReference; explicitFileType = wrapper.application; includeInIndex = 0; path = RandomMe.app; sourceTree = BUILT_PRODUCTS_DIR; };
		30151E5025EA41C000B0F045 /* AppDelegate.swift */ = {isa = PBXFileReference; lastKnownFileType = sourcecode.swift; path = AppDelegate.swift; sourceTree = "<group>"; };
		30151E5225EA41C000B0F045 /* SceneDelegate.swift */ = {isa = PBXFileReference; lastKnownFileType = sourcecode.swift; path = SceneDelegate.swift; sourceTree = "<group>"; };
		30151E5425EA41C000B0F045 /* ViewController.swift */ = {isa = PBXFileReference; lastKnownFileType = sourcecode.swift; path = ViewController.swift; sourceTree = "<group>"; };
		30151E5725EA41C000B0F045 /* Base */ = {isa = PBXFileReference; lastKnownFileType = file.storyboard; name = Base; path = Base.lproj/Main.storyboard; sourceTree = "<group>"; };
		30151E5925EA41C600B0F045 /* Assets.xcassets */ = {isa = PBXFileReference; lastKnownFileType = folder.assetcatalog; path = Assets.xcassets; sourceTree = "<group>"; };
		30151E5C25EA41C600B0F045 /* Base */ = {isa = PBXFileReference; lastKnownFileType = file.storyboard; name = Base; path = Base.lproj/LaunchScreen.storyboard; sourceTree = "<group>"; };
		30151E5E25EA41C600B0F045 /* Info.plist */ = {isa = PBXFileReference; lastKnownFileType = text.plist.xml; path = Info.plist; sourceTree = "<group>"; };
		30151E6325EA41C700B0F045 /* RandomMeTests.xctest */ = {isa = PBXFileReference; explicitFileType = wrapper.cfbundle; includeInIndex = 0; path = RandomMeTests.xctest; sourceTree = BUILT_PRODUCTS_DIR; };
		30151E6725EA41C700B0F045 /* RandomMeTests.swift */ = {isa = PBXFileReference; lastKnownFileType = sourcecode.swift; path = RandomMeTests.swift; sourceTree = "<group>"; };
		30151E6925EA41C700B0F045 /* Info.plist */ = {isa = PBXFileReference; lastKnownFileType = text.plist.xml; path = Info.plist; sourceTree = "<group>"; };
		30151E6E25EA41C700B0F045 /* RandomMeUITests.xctest */ = {isa = PBXFileReference; explicitFileType = wrapper.cfbundle; includeInIndex = 0; path = RandomMeUITests.xctest; sourceTree = BUILT_PRODUCTS_DIR; };
		30151E7225EA41C700B0F045 /* RandomMeUITests.swift */ = {isa = PBXFileReference; lastKnownFileType = sourcecode.swift; path = RandomMeUITests.swift; sourceTree = "<group>"; };
		30151E7425EA41C700B0F045 /* Info.plist */ = {isa = PBXFileReference; lastKnownFileType = text.plist.xml; path = Info.plist; sourceTree = "<group>"; };
/* End PBXFileReference section */

/* Begin PBXFrameworksBuildPhase section */
		30151E4A25EA41C000B0F045 /* Frameworks */ = {
			isa = PBXFrameworksBuildPhase;
			buildActionMask = 2147483647;
			files = (
			);
			runOnlyForDeploymentPostprocessing = 0;
		};
		30151E6025EA41C700B0F045 /* Frameworks */ = {
			isa = PBXFrameworksBuildPhase;
			buildActionMask = 2147483647;
			files = (
			);
			runOnlyForDeploymentPostprocessing = 0;
		};
		30151E6B25EA41C700B0F045 /* Frameworks */ = {
			isa = PBXFrameworksBuildPhase;
			buildActionMask = 2147483647;
			files = (
			);
			runOnlyForDeploymentPostprocessing = 0;
		};
/* End PBXFrameworksBuildPhase section */

/* Begin PBXGroup section */
		30151E4425EA41C000B0F045 = {
			isa = PBXGroup;
			children = (
				30151E4F25EA41C000B0F045 /* RandomMe */,
				30151E6625EA41C700B0F045 /* RandomMeTests */,
				30151E7125EA41C700B0F045 /* RandomMeUITests */,
				30151E4E25EA41C000B0F045 /* Products */,
			);
			sourceTree = "<group>";
		};
		30151E4E25EA41C000B0F045 /* Products */ = {
			isa = PBXGroup;
			children = (
				30151E4D25EA41C000B0F045 /* RandomMe.app */,
				30151E6325EA41C700B0F045 /* RandomMeTests.xctest */,
				30151E6E25EA41C700B0F045 /* RandomMeUITests.xctest */,
			);
			name = Products;
			sourceTree = "<group>";
		};
		30151E4F25EA41C000B0F045 /* RandomMe */ = {
			isa = PBXGroup;
			children = (
				30151E5025EA41C000B0F045 /* AppDelegate.swift */,
				30151E5225EA41C000B0F045 /* SceneDelegate.swift */,
				30151E5425EA41C000B0F045 /* ViewController.swift */,
				30151E5625EA41C000B0F045 /* Main.storyboard */,
				30151E5925EA41C600B0F045 /* Assets.xcassets */,
				30151E5B25EA41C600B0F045 /* LaunchScreen.storyboard */,
				30151E5E25EA41C600B0F045 /* Info.plist */,
			);
			path = RandomMe;
			sourceTree = "<group>";
		};
		30151E6625EA41C700B0F045 /* RandomMeTests */ = {
			isa = PBXGroup;
			children = (
				30151E6725EA41C700B0F045 /* RandomMeTests.swift */,
				30151E6925EA41C700B0F045 /* Info.plist */,
			);
			path = RandomMeTests;
			sourceTree = "<group>";
		};
		30151E7125EA41C700B0F045 /* RandomMeUITests */ = {
			isa = PBXGroup;
			children = (
				30151E7225EA41C700B0F045 /* RandomMeUITests.swift */,
				30151E7425EA41C700B0F045 /* Info.plist */,
			);
			path = RandomMeUITests;
			sourceTree = "<group>";
		};
/* End PBXGroup section */

/* Begin PBXNativeTarget section */
		30151E4C25EA41C000B0F045 /* RandomMe */ = {
			isa = PBXNativeTarget;
			buildConfigurationList = 30151E7725EA41C700B0F045 /* Build configuration list for PBXNativeTarget "RandomMe" */;
			buildPhases = (
				30151E4925EA41C000B0F045 /* Sources */,
				30151E4A25EA41C000B0F045 /* Frameworks */,
				30151E4B25EA41C000B0F045 /* Resources */,
			);
			buildRules = (
			);
			dependencies = (
			);
			name = RandomMe;
			productName = RandomMe;
			productReference = 30151E4D25EA41C000B0F045 /* RandomMe.app */;
			productType = "com.apple.product-type.application";
		};
		30151E6225EA41C700B0F045 /* RandomMeTests */ = {
			isa = PBXNativeTarget;
			buildConfigurationList = 30151E7A25EA41C700B0F045 /* Build configuration list for PBXNativeTarget "RandomMeTests" */;
			buildPhases = (
				30151E5F25EA41C700B0F045 /* Sources */,
				30151E6025EA41C700B0F045 /* Frameworks */,
				30151E6125EA41C700B0F045 /* Resources */,
			);
			buildRules = (
			);
			dependencies = (
				30151E6525EA41C700B0F045 /* PBXTargetDependency */,
			);
			name = RandomMeTests;
			productName = RandomMeTests;
			productReference = 30151E6325EA41C700B0F045 /* RandomMeTests.xctest */;
			productType = "com.apple.product-type.bundle.unit-test";
		};
		30151E6D25EA41C700B0F045 /* RandomMeUITests */ = {
			isa = PBXNativeTarget;
			buildConfigurationList = 30151E7D25EA41C700B0F045 /* Build configuration list for PBXNativeTarget "RandomMeUITests" */;
			buildPhases = (
				30151E6A25EA41C700B0F045 /* Sources */,
				30151E6B25EA41C700B0F045 /* Frameworks */,
				30151E6C25EA41C700B0F045 /* Resources */,
			);
			buildRules = (
			);
			dependencies = (
				30151E7025EA41C700B0F045 /* PBXTargetDependency */,
			);
			name = RandomMeUITests;
			productName = RandomMeUITests;
			productReference = 30151E6E25EA41C700B0F045 /* RandomMeUITests.xctest */;
			productType = "com.apple.product-type.bundle.ui-testing";
		};
/* End PBXNativeTarget section */

/* Begin PBXProject section */
		30151E4525EA41C000B0F045 /* Project object */ = {
			isa = PBXProject;
			attributes = {
				LastSwiftUpdateCheck = 1240;
				LastUpgradeCheck = 1240;
				TargetAttributes = {
					30151E4C25EA41C000B0F045 = {
						CreatedOnToolsVersion = 12.4;
					};
					30151E6225EA41C700B0F045 = {
						CreatedOnToolsVersion = 12.4;
						TestTargetID = 30151E4C25EA41C000B0F045;
					};
					30151E6D25EA41C700B0F045 = {
						CreatedOnToolsVersion = 12.4;
						TestTargetID = 30151E4C25EA41C000B0F045;
					};
				};
			};
			buildConfigurationList = 30151E4825EA41C000B0F045 /* Build configuration list for PBXProject "RandomMe" */;
			compatibilityVersion = "Xcode 9.3";
			developmentRegion = en;
			hasScannedForEncodings = 0;
			knownRegions = (
				en,
				Base,
			);
			mainGroup = 30151E4425EA41C000B0F045;
			productRefGroup = 30151E4E25EA41C000B0F045 /* Products */;
			projectDirPath = "";
			projectRoot = "";
			targets = (
				30151E4C25EA41C000B0F045 /* RandomMe */,
				30151E6225EA41C700B0F045 /* RandomMeTests */,
				30151E6D25EA41C700B0F045 /* RandomMeUITests */,
			);
		};
/* End PBXProject section */

/* Begin PBXResourcesBuildPhase section */
		30151E4B25EA41C000B0F045 /* Resources */ = {
			isa = PBXResourcesBuildPhase;
			buildActionMask = 2147483647;
			files = (
				30151E5D25EA41C600B0F045 /* LaunchScreen.storyboard in Resources */,
				30151E5A25EA41C600B0F045 /* Assets.xcassets in Resources */,
				30151E5825EA41C000B0F045 /* Main.storyboard in Resources */,
			);
			runOnlyForDeploymentPostprocessing = 0;
		};
		30151E6125EA41C700B0F045 /* Resources */ = {
			isa = PBXResourcesBuildPhase;
			buildActionMask = 2147483647;
			files = (
			);
			runOnlyForDeploymentPostprocessing = 0;
		};
		30151E6C25EA41C700B0F045 /* Resources */ = {
			isa = PBXResourcesBuildPhase;
			buildActionMask = 2147483647;
			files = (
			);
			runOnlyForDeploymentPostprocessing = 0;
		};
/* End PBXResourcesBuildPhase section */

/* Begin PBXSourcesBuildPhase section */
		30151E4925EA41C000B0F045 /* Sources */ = {
			isa = PBXSourcesBuildPhase;
			buildActionMask = 2147483647;
			files = (
				30151E5525EA41C000B0F045 /* ViewController.swift in Sources */,
				30151E5125EA41C000B0F045 /* AppDelegate.swift in Sources */,
				30151E5325EA41C000B0F045 /* SceneDelegate.swift in Sources */,
			);
			runOnlyForDeploymentPostprocessing = 0;
		};
		30151E5F25EA41C700B0F045 /* Sources */ = {
			isa = PBXSourcesBuildPhase;
			buildActionMask = 2147483647;
			files = (
				30151E6825EA41C700B0F045 /* RandomMeTests.swift in Sources */,
			);
			runOnlyForDeploymentPostprocessing = 0;
		};
		30151E6A25EA41C700B0F045 /* Sources */ = {
			isa = PBXSourcesBuildPhase;
			buildActionMask = 2147483647;
			files = (
				30151E7325EA41C700B0F045 /* RandomMeUITests.swift in Sources */,
			);
			runOnlyForDeploymentPostprocessing = 0;
		};
/* End PBXSourcesBuildPhase section */

/* Begin PBXTargetDependency section */
		30151E6525EA41C700B0F045 /* PBXTargetDependency */ = {
			isa = PBXTargetDependency;
			target = 30151E4C25EA41C000B0F045 /* RandomMe */;
			targetProxy = 30151E6425EA41C700B0F045 /* PBXContainerItemProxy */;
		};
		30151E7025EA41C700B0F045 /* PBXTargetDependency */ = {
			isa = PBXTargetDependency;
			target = 30151E4C25EA41C000B0F045 /* RandomMe */;
			targetProxy = 30151E6F25EA41C700B0F045 /* PBXContainerItemProxy */;
		};
/* End PBXTargetDependency section */

/* Begin PBXVariantGroup section */
		30151E5625EA41C000B0F045 /* Main.storyboard */ = {
			isa = PBXVariantGroup;
			children = (
				30151E5725EA41C000B0F045 /* Base */,
			);
			name = Main.storyboard;
			sourceTree = "<group>";
		};
		30151E5B25EA41C600B0F045 /* LaunchScreen.storyboard */ = {
			isa = PBXVariantGroup;
			children = (
				30151E5C25EA41C600B0F045 /* Base */,
			);
			name = LaunchScreen.storyboard;
			sourceTree = "<group>";
		};
/* End PBXVariantGroup section */

/* Begin XCBuildConfiguration section */
		30151E7525EA41C700B0F045 /* Debug */ = {
			isa = XCBuildConfiguration;
			buildSettings = {
				ALWAYS_SEARCH_USER_PATHS = NO;
				CLANG_ANALYZER_NONNULL = YES;
				CLANG_ANALYZER_NUMBER_OBJECT_CONVERSION = YES_AGGRESSIVE;
				CLANG_CXX_LANGUAGE_STANDARD = "gnu++14";
				CLANG_CXX_LIBRARY = "libc++";
				CLANG_ENABLE_MODULES = YES;
				CLANG_ENABLE_OBJC_ARC = YES;
				CLANG_ENABLE_OBJC_WEAK = YES;
				CLANG_WARN_BLOCK_CAPTURE_AUTORELEASING = YES;
				CLANG_WARN_BOOL_CONVERSION = YES;
				CLANG_WARN_COMMA = YES;
				CLANG_WARN_CONSTANT_CONVERSION = YES;
				CLANG_WARN_DEPRECATED_OBJC_IMPLEMENTATIONS = YES;
				CLANG_WARN_DIRECT_OBJC_ISA_USAGE = YES_ERROR;
				CLANG_WARN_DOCUMENTATION_COMMENTS = YES;
				CLANG_WARN_EMPTY_BODY = YES;
				CLANG_WARN_ENUM_CONVERSION = YES;
				CLANG_WARN_INFINITE_RECURSION = YES;
				CLANG_WARN_INT_CONVERSION = YES;
				CLANG_WARN_NON_LITERAL_NULL_CONVERSION = YES;
				CLANG_WARN_OBJC_IMPLICIT_RETAIN_SELF = YES;
				CLANG_WARN_OBJC_LITERAL_CONVERSION = YES;
				CLANG_WARN_OBJC_ROOT_CLASS = YES_ERROR;
				CLANG_WARN_QUOTED_INCLUDE_IN_FRAMEWORK_HEADER = YES;
				CLANG_WARN_RANGE_LOOP_ANALYSIS = YES;
				CLANG_WARN_STRICT_PROTOTYPES = YES;
				CLANG_WARN_SUSPICIOUS_MOVE = YES;
				CLANG_WARN_UNGUARDED_AVAILABILITY = YES_AGGRESSIVE;
				CLANG_WARN_UNREACHABLE_CODE = YES;
				CLANG_WARN__DUPLICATE_METHOD_MATCH = YES;
				COPY_PHASE_STRIP = NO;
				DEBUG_INFORMATION_FORMAT = dwarf;
				ENABLE_STRICT_OBJC_MSGSEND = YES;
				ENABLE_TESTABILITY = YES;
				GCC_C_LANGUAGE_STANDARD = gnu11;
				GCC_DYNAMIC_NO_PIC = NO;
				GCC_NO_COMMON_BLOCKS = YES;
				GCC_OPTIMIZATION_LEVEL = 0;
				GCC_PREPROCESSOR_DEFINITIONS = (
					"DEBUG=1",
					"$(inherited)",
				);
				GCC_WARN_64_TO_32_BIT_CONVERSION = YES;
				GCC_WARN_ABOUT_RETURN_TYPE = YES_ERROR;
				GCC_WARN_UNDECLARED_SELECTOR = YES;
				GCC_WARN_UNINITIALIZED_AUTOS = YES_AGGRESSIVE;
				GCC_WARN_UNUSED_FUNCTION = YES;
				GCC_WARN_UNUSED_VARIABLE = YES;
				IPHONEOS_DEPLOYMENT_TARGET = 14.4;
				MTL_ENABLE_DEBUG_INFO = INCLUDE_SOURCE;
				MTL_FAST_MATH = YES;
				ONLY_ACTIVE_ARCH = YES;
				SDKROOT = iphoneos;
				SWIFT_ACTIVE_COMPILATION_CONDITIONS = DEBUG;
				SWIFT_OPTIMIZATION_LEVEL = "-Onone";
			};
			name = Debug;
		};
		30151E7625EA41C700B0F045 /* Release */ = {
			isa = XCBuildConfiguration;
			buildSettings = {
				ALWAYS_SEARCH_USER_PATHS = NO;
				CLANG_ANALYZER_NONNULL = YES;
				CLANG_ANALYZER_NUMBER_OBJECT_CONVERSION = YES_AGGRESSIVE;
				CLANG_CXX_LANGUAGE_STANDARD = "gnu++14";
				CLANG_CXX_LIBRARY = "libc++";
				CLANG_ENABLE_MODULES = YES;
				CLANG_ENABLE_OBJC_ARC = YES;
				CLANG_ENABLE_OBJC_WEAK = YES;
				CLANG_WARN_BLOCK_CAPTURE_AUTORELEASING = YES;
				CLANG_WARN_BOOL_CONVERSION = YES;
				CLANG_WARN_COMMA = YES;
				CLANG_WARN_CONSTANT_CONVERSION = YES;
				CLANG_WARN_DEPRECATED_OBJC_IMPLEMENTATIONS = YES;
				CLANG_WARN_DIRECT_OBJC_ISA_USAGE = YES_ERROR;
				CLANG_WARN_DOCUMENTATION_COMMENTS = YES;
				CLANG_WARN_EMPTY_BODY = YES;
				CLANG_WARN_ENUM_CONVERSION = YES;
				CLANG_WARN_INFINITE_RECURSION = YES;
				CLANG_WARN_INT_CONVERSION = YES;
				CLANG_WARN_NON_LITERAL_NULL_CONVERSION = YES;
				CLANG_WARN_OBJC_IMPLICIT_RETAIN_SELF = YES;
				CLANG_WARN_OBJC_LITERAL_CONVERSION = YES;
				CLANG_WARN_OBJC_ROOT_CLASS = YES_ERROR;
				CLANG_WARN_QUOTED_INCLUDE_IN_FRAMEWORK_HEADER = YES;
				CLANG_WARN_RANGE_LOOP_ANALYSIS = YES;
				CLANG_WARN_STRICT_PROTOTYPES = YES;
				CLANG_WARN_SUSPICIOUS_MOVE = YES;
				CLANG_WARN_UNGUARDED_AVAILABILITY = YES_AGGRESSIVE;
				CLANG_WARN_UNREACHABLE_CODE = YES;
				CLANG_WARN__DUPLICATE_METHOD_MATCH = YES;
				COPY_PHASE_STRIP = NO;
				DEBUG_INFORMATION_FORMAT = "dwarf-with-dsym";
				ENABLE_NS_ASSERTIONS = NO;
				ENABLE_STRICT_OBJC_MSGSEND = YES;
				GCC_C_LANGUAGE_STANDARD = gnu11;
				GCC_NO_COMMON_BLOCKS = YES;
				GCC_WARN_64_TO_32_BIT_CONVERSION = YES;
				GCC_WARN_ABOUT_RETURN_TYPE = YES_ERROR;
				GCC_WARN_UNDECLARED_SELECTOR = YES;
				GCC_WARN_UNINITIALIZED_AUTOS = YES_AGGRESSIVE;
				GCC_WARN_UNUSED_FUNCTION = YES;
				GCC_WARN_UNUSED_VARIABLE = YES;
				IPHONEOS_DEPLOYMENT_TARGET = 14.4;
				MTL_ENABLE_DEBUG_INFO = NO;
				MTL_FAST_MATH = YES;
				SDKROOT = iphoneos;
				SWIFT_COMPILATION_MODE = wholemodule;
				SWIFT_OPTIMIZATION_LEVEL = "-O";
				VALIDATE_PRODUCT = YES;
			};
			name = Release;
		};
		30151E7825EA41C700B0F045 /* Debug */ = {
			isa = XCBuildConfiguration;
			buildSettings = {
				ASSETCATALOG_COMPILER_APPICON_NAME = AppIcon;
				ASSETCATALOG_COMPILER_GLOBAL_ACCENT_COLOR_NAME = AccentColor;
				CODE_SIGN_STYLE = Automatic;
				DEVELOPMENT_TEAM = 35RFY8FZJS;
				INFOPLIST_FILE = RandomMe/Info.plist;
				LD_RUNPATH_SEARCH_PATHS = (
					"$(inherited)",
					"@executable_path/Frameworks",
				);
				PRODUCT_BUNDLE_IDENTIFIER = "Random-Me.RandomMe";
				PRODUCT_NAME = "$(TARGET_NAME)";
				SWIFT_VERSION = 5.0;
				TARGETED_DEVICE_FAMILY = "1,2";
			};
			name = Debug;
		};
		30151E7925EA41C700B0F045 /* Release */ = {
			isa = XCBuildConfiguration;
			buildSettings = {
				ASSETCATALOG_COMPILER_APPICON_NAME = AppIcon;
				ASSETCATALOG_COMPILER_GLOBAL_ACCENT_COLOR_NAME = AccentColor;
				CODE_SIGN_STYLE = Automatic;
				DEVELOPMENT_TEAM = 35RFY8FZJS;
				INFOPLIST_FILE = RandomMe/Info.plist;
				LD_RUNPATH_SEARCH_PATHS = (
					"$(inherited)",
					"@executable_path/Frameworks",
				);
				PRODUCT_BUNDLE_IDENTIFIER = "Random-Me.RandomMe";
				PRODUCT_NAME = "$(TARGET_NAME)";
				SWIFT_VERSION = 5.0;
				TARGETED_DEVICE_FAMILY = "1,2";
			};
			name = Release;
		};
		30151E7B25EA41C700B0F045 /* Debug */ = {
			isa = XCBuildConfiguration;
			buildSettings = {
				ALWAYS_EMBED_SWIFT_STANDARD_LIBRARIES = YES;
				BUNDLE_LOADER = "$(TEST_HOST)";
				CODE_SIGN_STYLE = Automatic;
				DEVELOPMENT_TEAM = 35RFY8FZJS;
				INFOPLIST_FILE = RandomMeTests/Info.plist;
				IPHONEOS_DEPLOYMENT_TARGET = 14.4;
				LD_RUNPATH_SEARCH_PATHS = (
					"$(inherited)",
					"@executable_path/Frameworks",
					"@loader_path/Frameworks",
				);
				PRODUCT_BUNDLE_IDENTIFIER = "Random-Me.RandomMeTests";
				PRODUCT_NAME = "$(TARGET_NAME)";
				SWIFT_VERSION = 5.0;
				TARGETED_DEVICE_FAMILY = "1,2";
				TEST_HOST = "$(BUILT_PRODUCTS_DIR)/RandomMe.app/RandomMe";
			};
			name = Debug;
		};
		30151E7C25EA41C700B0F045 /* Release */ = {
			isa = XCBuildConfiguration;
			buildSettings = {
				ALWAYS_EMBED_SWIFT_STANDARD_LIBRARIES = YES;
				BUNDLE_LOADER = "$(TEST_HOST)";
				CODE_SIGN_STYLE = Automatic;
				DEVELOPMENT_TEAM = 35RFY8FZJS;
				INFOPLIST_FILE = RandomMeTests/Info.plist;
				IPHONEOS_DEPLOYMENT_TARGET = 14.4;
				LD_RUNPATH_SEARCH_PATHS = (
					"$(inherited)",
					"@executable_path/Frameworks",
					"@loader_path/Frameworks",
				);
				PRODUCT_BUNDLE_IDENTIFIER = "Random-Me.RandomMeTests";
				PRODUCT_NAME = "$(TARGET_NAME)";
				SWIFT_VERSION = 5.0;
				TARGETED_DEVICE_FAMILY = "1,2";
				TEST_HOST = "$(BUILT_PRODUCTS_DIR)/RandomMe.app/RandomMe";
			};
			name = Release;
		};
		30151E7E25EA41C700B0F045 /* Debug */ = {
			isa = XCBuildConfiguration;
			buildSettings = {
				ALWAYS_EMBED_SWIFT_STANDARD_LIBRARIES = YES;
				CODE_SIGN_STYLE = Automatic;
				DEVELOPMENT_TEAM = 35RFY8FZJS;
				INFOPLIST_FILE = RandomMeUITests/Info.plist;
				LD_RUNPATH_SEARCH_PATHS = (
					"$(inherited)",
					"@executable_path/Frameworks",
					"@loader_path/Frameworks",
				);
				PRODUCT_BUNDLE_IDENTIFIER = "Random-Me.RandomMeUITests";
				PRODUCT_NAME = "$(TARGET_NAME)";
				SWIFT_VERSION = 5.0;
				TARGETED_DEVICE_FAMILY = "1,2";
				TEST_TARGET_NAME = RandomMe;
			};
			name = Debug;
		};
		30151E7F25EA41C700B0F045 /* Release */ = {
			isa = XCBuildConfiguration;
			buildSettings = {
				ALWAYS_EMBED_SWIFT_STANDARD_LIBRARIES = YES;
				CODE_SIGN_STYLE = Automatic;
				DEVELOPMENT_TEAM = 35RFY8FZJS;
				INFOPLIST_FILE = RandomMeUITests/Info.plist;
				LD_RUNPATH_SEARCH_PATHS = (
					"$(inherited)",
					"@executable_path/Frameworks",
					"@loader_path/Frameworks",
				);
				PRODUCT_BUNDLE_IDENTIFIER = "Random-Me.RandomMeUITests";
				PRODUCT_NAME = "$(TARGET_NAME)";
				SWIFT_VERSION = 5.0;
				TARGETED_DEVICE_FAMILY = "1,2";
				TEST_TARGET_NAME = RandomMe;
			};
			name = Release;
		};
/* End XCBuildConfiguration section */

/* Begin XCConfigurationList section */
		30151E4825EA41C000B0F045 /* Build configuration list for PBXProject "RandomMe" */ = {
			isa = XCConfigurationList;
			buildConfigurations = (
				30151E7525EA41C700B0F045 /* Debug */,
				30151E7625EA41C700B0F045 /* Release */,
			);
			defaultConfigurationIsVisible = 0;
			defaultConfigurationName = Release;
		};
		30151E7725EA41C700B0F045 /* Build configuration list for PBXNativeTarget "RandomMe" */ = {
			isa = XCConfigurationList;
			buildConfigurations = (
				30151E7825EA41C700B0F045 /* Debug */,
				30151E7925EA41C700B0F045 /* Release */,
			);
			defaultConfigurationIsVisible = 0;
			defaultConfigurationName = Release;
		};
		30151E7A25EA41C700B0F045 /* Build configuration list for PBXNativeTarget "RandomMeTests" */ = {
			isa = XCConfigurationList;
			buildConfigurations = (
				30151E7B25EA41C700B0F045 /* Debug */,
				30151E7C25EA41C700B0F045 /* Release */,
			);
			defaultConfigurationIsVisible = 0;
			defaultConfigurationName = Release;
		};
		30151E7D25EA41C700B0F045 /* Build configuration list for PBXNativeTarget "RandomMeUITests" */ = {
			isa = XCConfigurationList;
			buildConfigurations = (
				30151E7E25EA41C700B0F045 /* Debug */,
				30151E7F25EA41C700B0F045 /* Release */,
			);
			defaultConfigurationIsVisible = 0;
			defaultConfigurationName = Release;
		};
/* End XCConfigurationList section */
	};
	rootObject = 30151E4525EA41C000B0F045 /* Project object */;
}
